schema: '2.0'
stages:
  extract_articles:
    cmd: uv run python scripts/prepare_corpus.py
    deps:
    - path: data/raw/egyptian_civil_code.pdf
      hash: md5
      md5: 5086ef5f16f15d856278db943e58e948
      size: 2599703
    - path: scripts/corpus_helpers.py
      hash: md5
      md5: f43f4909704a1fdfb2ff672807523fb8
      size: 9025
    - path: scripts/prepare_corpus.py
      hash: md5
      md5: ee2df7b45e36185a231ca27925a430de
      size: 25018
    outs:
    - path: data/processed/corpus_raw.json
      hash: md5
      md5: da14c119da7f510f2b718a83a754e3e0
      size: 1338327
